
Microsoft Visual Studio Solution File, Format Version 12.00
# Visual Studio Version 17
VisualStudioVersion = 17.5.002.0
MinimumVisualStudioVersion = 10.0.40219.1
Project("{9A19103F-16F7-4668-BE54-9A1E7A4F7556}") = "Utility_LibraryHelper", "Utility_LibraryHelper.csproj", "{27FC223E-0C27-4F32-9739-13B8E5F39448}"
EndProject
Global
	GlobalSection(SolutionConfigurationPlatforms) = preSolution
		Debug|Any CPU = Debug|Any CPU
		Release|Any CPU = Release|Any CPU
	EndGlobalSection
	GlobalSection(ProjectConfigurationPlatforms) = postSolution
		{27FC223E-0C27-4F32-9739-13B8E5F39448}.Debug|Any CPU.ActiveCfg = Debug|Any CPU
		{27FC223E-0C27-4F32-9739-13B8E5F39448}.Debug|Any CPU.Build.0 = Debug|Any CPU
		{27FC223E-0C27-4F32-9739-13B8E5F39448}.Release|Any CPU.ActiveCfg = Release|Any CPU
		{27FC223E-0C27-4F32-9739-13B8E5F39448}.Release|Any CPU.Build.0 = Release|Any CPU
	EndGlobalSection
	GlobalSection(SolutionProperties) = preSolution
		HideSolutionNode = FALSE
	EndGlobalSection
	GlobalSection(ExtensibilityGlobals) = postSolution
		SolutionGuid = {3B165AB7-4D2A-40B4-9FFC-C9CE884BFADE}
	EndGlobalSection
EndGlobal
